
Microsoft Visual Studio Solution File, Format Version 12.00
# Visual Studio 2012
Project("{FAE04EC0-301F-11D3-BF4B-00C04F79EFBC}") = "TaskTest", "TaskTest\TaskTest.csproj", "{FB70F271-BF86-4468-88EF-A8FAA18FC47C}"
EndProject
Project("{FAE04EC0-301F-11D3-BF4B-00C04F79EFBC}") = "WpfTest", "WpfTest\WpfTest.csproj", "{B9AA8998-D03E-4F3B-ADDE-A33F9C9C76BD}"
EndProject
Global
	GlobalSection(SolutionConfigurationPlatforms) = preSolution
		Debug|Any CPU = Debug|Any CPU
		Release|Any CPU = Release|Any CPU
	EndGlobalSection
	GlobalSection(ProjectConfigurationPlatforms) = postSolution
		{FB70F271-BF86-4468-88EF-A8FAA18FC47C}.Debug|Any CPU.ActiveCfg = Debug|Any CPU
		{FB70F271-BF86-4468-88EF-A8FAA18FC47C}.Debug|Any CPU.Build.0 = Debug|Any CPU
		{FB70F271-BF86-4468-88EF-A8FAA18FC47C}.Release|Any CPU.ActiveCfg = Release|Any CPU
		{FB70F271-BF86-4468-88EF-A8FAA18FC47C}.Release|Any CPU.Build.0 = Release|Any CPU
		{B9AA8998-D03E-4F3B-ADDE-A33F9C9C76BD}.Debug|Any CPU.ActiveCfg = Debug|Any CPU
		{B9AA8998-D03E-4F3B-ADDE-A33F9C9C76BD}.Debug|Any CPU.Build.0 = Debug|Any CPU
		{B9AA8998-D03E-4F3B-ADDE-A33F9C9C76BD}.Release|Any CPU.ActiveCfg = Release|Any CPU
		{B9AA8998-D03E-4F3B-ADDE-A33F9C9C76BD}.Release|Any CPU.Build.0 = Release|Any CPU
	EndGlobalSection
	GlobalSection(SolutionProperties) = preSolution
		HideSolutionNode = FALSE
	EndGlobalSection
EndGlobal
