
Microsoft Visual Studio Solution File, Format Version 11.00
# Visual Studio 2010
Project("{FAE04EC0-301F-11D3-BF4B-00C04F79EFBC}") = "HelloCI.Web.UnitTests", "HelloCI.Web.UnitTests\HelloCI.Web.UnitTests.csproj", "{A443A68E-E795-462E-95C7-AD8455181776}"
EndProject
Project("{FAE04EC0-301F-11D3-BF4B-00C04F79EFBC}") = "HelloCI.Web", "HelloCI.Web\HelloCI.Web.csproj", "{CBB55288-A84F-4EE9-BBC4-D700448A0CEA}"
EndProject
Project("{2150E333-8FDC-42A3-9474-1A3956D46DE8}") = ".nuget", ".nuget", "{DAD9DC71-60EC-4FBE-952A-F6020F31C9D9}"
	ProjectSection(SolutionItems) = preProject
		.nuget\NuGet.exe = .nuget\NuGet.exe
		.nuget\NuGet.targets = .nuget\NuGet.targets
	EndProjectSection
EndProject
Global
	GlobalSection(SolutionConfigurationPlatforms) = preSolution
		Debug|Any CPU = Debug|Any CPU
		Release|Any CPU = Release|Any CPU
	EndGlobalSection
	GlobalSection(ProjectConfigurationPlatforms) = postSolution
		{A443A68E-E795-462E-95C7-AD8455181776}.Debug|Any CPU.ActiveCfg = Debug|Any CPU
		{A443A68E-E795-462E-95C7-AD8455181776}.Debug|Any CPU.Build.0 = Debug|Any CPU
		{A443A68E-E795-462E-95C7-AD8455181776}.Release|Any CPU.ActiveCfg = Release|Any CPU
		{A443A68E-E795-462E-95C7-AD8455181776}.Release|Any CPU.Build.0 = Release|Any CPU
		{CBB55288-A84F-4EE9-BBC4-D700448A0CEA}.Debug|Any CPU.ActiveCfg = Debug|Any CPU
		{CBB55288-A84F-4EE9-BBC4-D700448A0CEA}.Debug|Any CPU.Build.0 = Debug|Any CPU
		{CBB55288-A84F-4EE9-BBC4-D700448A0CEA}.Release|Any CPU.ActiveCfg = Release|Any CPU
		{CBB55288-A84F-4EE9-BBC4-D700448A0CEA}.Release|Any CPU.Build.0 = Release|Any CPU
	EndGlobalSection
	GlobalSection(SolutionProperties) = preSolution
		HideSolutionNode = FALSE
	EndGlobalSection
EndGlobal
