
Microsoft Visual Studio Solution File, Format Version 12.00
# Visual Studio 2012
Project("{FAE04EC0-301F-11D3-BF4B-00C04F79EFBC}") = "AppFabricCache", "AppFabricCache\AppFabricCache.csproj", "{530E5058-3975-4EE7-AC32-6E0B7AA72F28}"
EndProject
Project("{FAE04EC0-301F-11D3-BF4B-00C04F79EFBC}") = "AppFabricTest", "AppFabricTest\AppFabricTest.csproj", "{97CDC3A6-7E6F-4C5B-B581-28355F09C53F}"
EndProject
Global
	GlobalSection(SolutionConfigurationPlatforms) = preSolution
		Debug|Any CPU = Debug|Any CPU
		Release|Any CPU = Release|Any CPU
	EndGlobalSection
	GlobalSection(ProjectConfigurationPlatforms) = postSolution
		{530E5058-3975-4EE7-AC32-6E0B7AA72F28}.Debug|Any CPU.ActiveCfg = Debug|Any CPU
		{530E5058-3975-4EE7-AC32-6E0B7AA72F28}.Debug|Any CPU.Build.0 = Debug|Any CPU
		{530E5058-3975-4EE7-AC32-6E0B7AA72F28}.Release|Any CPU.ActiveCfg = Release|Any CPU
		{530E5058-3975-4EE7-AC32-6E0B7AA72F28}.Release|Any CPU.Build.0 = Release|Any CPU
		{97CDC3A6-7E6F-4C5B-B581-28355F09C53F}.Debug|Any CPU.ActiveCfg = Debug|Any CPU
		{97CDC3A6-7E6F-4C5B-B581-28355F09C53F}.Debug|Any CPU.Build.0 = Debug|Any CPU
		{97CDC3A6-7E6F-4C5B-B581-28355F09C53F}.Release|Any CPU.ActiveCfg = Release|Any CPU
		{97CDC3A6-7E6F-4C5B-B581-28355F09C53F}.Release|Any CPU.Build.0 = Release|Any CPU
	EndGlobalSection
	GlobalSection(SolutionProperties) = preSolution
		HideSolutionNode = FALSE
	EndGlobalSection
EndGlobal
