
Microsoft Visual Studio Solution File, Format Version 12.00
# Visual Studio 2013
VisualStudioVersion = 12.0.30723.0
MinimumVisualStudioVersion = 10.0.40219.1
Project("{FAE04EC0-301F-11D3-BF4B-00C04F79EFBC}") = "DownloadEbook", "DownloadEbook\DownloadEbook.csproj", "{886CB94E-6904-4C20-B438-8FC80789DA5A}"
EndProject
Global
	GlobalSection(SolutionConfigurationPlatforms) = preSolution
		Debug|Any CPU = Debug|Any CPU
		Release|Any CPU = Release|Any CPU
	EndGlobalSection
	GlobalSection(ProjectConfigurationPlatforms) = postSolution
		{886CB94E-6904-4C20-B438-8FC80789DA5A}.Debug|Any CPU.ActiveCfg = Debug|Any CPU
		{886CB94E-6904-4C20-B438-8FC80789DA5A}.Debug|Any CPU.Build.0 = Debug|Any CPU
		{886CB94E-6904-4C20-B438-8FC80789DA5A}.Release|Any CPU.ActiveCfg = Release|Any CPU
		{886CB94E-6904-4C20-B438-8FC80789DA5A}.Release|Any CPU.Build.0 = Release|Any CPU
	EndGlobalSection
	GlobalSection(SolutionProperties) = preSolution
		HideSolutionNode = FALSE
	EndGlobalSection
EndGlobal
