
Microsoft Visual Studio Solution File, Format Version 12.00
# Visual Studio 2012
Project("{FAE04EC0-301F-11D3-BF4B-00C04F79EFBC}") = "UploadAndDownload", "UploadAndDownload\UploadAndDownload.csproj", "{458317D0-9B84-446C-A3CB-1FD311EF8CD4}"
EndProject
Global
	GlobalSection(SolutionConfigurationPlatforms) = preSolution
		Debug|Any CPU = Debug|Any CPU
		Release|Any CPU = Release|Any CPU
	EndGlobalSection
	GlobalSection(ProjectConfigurationPlatforms) = postSolution
		{458317D0-9B84-446C-A3CB-1FD311EF8CD4}.Debug|Any CPU.ActiveCfg = Debug|Any CPU
		{458317D0-9B84-446C-A3CB-1FD311EF8CD4}.Debug|Any CPU.Build.0 = Debug|Any CPU
		{458317D0-9B84-446C-A3CB-1FD311EF8CD4}.Release|Any CPU.ActiveCfg = Release|Any CPU
		{458317D0-9B84-446C-A3CB-1FD311EF8CD4}.Release|Any CPU.Build.0 = Release|Any CPU
	EndGlobalSection
	GlobalSection(SolutionProperties) = preSolution
		HideSolutionNode = FALSE
	EndGlobalSection
EndGlobal
