
Microsoft Visual Studio Solution File, Format Version 12.00
# Visual Studio 2012
Project("{FAE04EC0-301F-11D3-BF4B-00C04F79EFBC}") = "ServiceManager", "ServiceManager\ServiceManager.csproj", "{F8548D61-56F6-4194-BA92-DEB18B02F6FF}"
EndProject
Project("{FAE04EC0-301F-11D3-BF4B-00C04F79EFBC}") = "test", "test\test.csproj", "{1D493C6F-2C80-4AE7-99CF-52433516A906}"
EndProject
Global
	GlobalSection(SolutionConfigurationPlatforms) = preSolution
		Debug|Any CPU = Debug|Any CPU
		Release|Any CPU = Release|Any CPU
	EndGlobalSection
	GlobalSection(ProjectConfigurationPlatforms) = postSolution
		{F8548D61-56F6-4194-BA92-DEB18B02F6FF}.Debug|Any CPU.ActiveCfg = Debug|Any CPU
		{F8548D61-56F6-4194-BA92-DEB18B02F6FF}.Debug|Any CPU.Build.0 = Debug|Any CPU
		{F8548D61-56F6-4194-BA92-DEB18B02F6FF}.Release|Any CPU.ActiveCfg = Release|Any CPU
		{F8548D61-56F6-4194-BA92-DEB18B02F6FF}.Release|Any CPU.Build.0 = Release|Any CPU
		{1D493C6F-2C80-4AE7-99CF-52433516A906}.Debug|Any CPU.ActiveCfg = Debug|Any CPU
		{1D493C6F-2C80-4AE7-99CF-52433516A906}.Debug|Any CPU.Build.0 = Debug|Any CPU
		{1D493C6F-2C80-4AE7-99CF-52433516A906}.Release|Any CPU.ActiveCfg = Release|Any CPU
		{1D493C6F-2C80-4AE7-99CF-52433516A906}.Release|Any CPU.Build.0 = Release|Any CPU
	EndGlobalSection
	GlobalSection(SolutionProperties) = preSolution
		HideSolutionNode = FALSE
	EndGlobalSection
EndGlobal
